
Microsoft Visual Studio Solution File, Format Version 12.00
# Visual Studio Version 17
VisualStudioVersion = 17.5.33414.496
MinimumVisualStudioVersion = 10.0.40219.1
Project("{FAE04EC0-301F-11D3-BF4B-00C04F79EFBC}") = "Teste-Adisra-Matriz", "Teste-Adisra-Matriz.csproj", "{0F355012-95EA-465C-BE44-EF701B6A17D9}"
EndProject
Global
	GlobalSection(SolutionConfigurationPlatforms) = preSolution
		Debug|Any CPU = Debug|Any CPU
		Release|Any CPU = Release|Any CPU
	EndGlobalSection
	GlobalSection(ProjectConfigurationPlatforms) = postSolution
		{0F355012-95EA-465C-BE44-EF701B6A17D9}.Debug|Any CPU.ActiveCfg = Debug|Any CPU
		{0F355012-95EA-465C-BE44-EF701B6A17D9}.Debug|Any CPU.Build.0 = Debug|Any CPU
		{0F355012-95EA-465C-BE44-EF701B6A17D9}.Release|Any CPU.ActiveCfg = Release|Any CPU
		{0F355012-95EA-465C-BE44-EF701B6A17D9}.Release|Any CPU.Build.0 = Release|Any CPU
	EndGlobalSection
	GlobalSection(SolutionProperties) = preSolution
		HideSolutionNode = FALSE
	EndGlobalSection
	GlobalSection(ExtensibilityGlobals) = postSolution
		SolutionGuid = {E92B4D18-ABD2-4F9D-9F95-940235D3BFB8}
	EndGlobalSection
EndGlobal
